// !$*UTF8*$!
{
	archiveVersion = 1;
	classes = {
	};
	objectVersion = 51;
	objects = {

/* Begin PBXBuildFile section */
		3D559AAF2F4BA3294C99DBC6 /* Pods_iostest.framework in Frameworks */ = {isa = PBXBuildFile; fileRef = D0621BA27B725F9BD8CD4D99 /* Pods_iostest.framework */; };
		5C29939525874D1600063EAD /* README.md in Resources */ = {isa = PBXBuildFile; fileRef = 5C29939425874D1500063EAD /* README.md */; };
		5CB5E0BB2582058C00BF2EF5 /* AppDelegate.swift in Sources */ = {isa = PBXBuildFile; fileRef = 5CB5E0BA2582058C00BF2EF5 /* AppDelegate.swift */; };
		5CB5E0BD2582058C00BF2EF5 /* SceneDelegate.swift in Sources */ = {isa = PBXBuildFile; fileRef = 5CB5E0BC2582058C00BF2EF5 /* SceneDelegate.swift */; };
		5CB5E0C42582058E00BF2EF5 /* Assets.xcassets in Resources */ = {isa = PBXBuildFile; fileRef = 5CB5E0C32582058E00BF2EF5 /* Assets.xcassets */; };
		5CB5E0C72582058E00BF2EF5 /* LaunchScreen.storyboard in Resources */ = {isa = PBXBuildFile; fileRef = 5CB5E0C52582058E00BF2EF5 /* LaunchScreen.storyboard */; };
		5CB5E122258207AE00BF2EF5 /* socket in Resources */ = {isa = PBXBuildFile; fileRef = 5CB5E119258207AE00BF2EF5 /* socket */; };
		5CB5E123258207AE00BF2EF5 /* socket.lua in Resources */ = {isa = PBXBuildFile; fileRef = 5CB5E11A258207AE00BF2EF5 /* socket.lua */; };
		5CB5E124258207AE00BF2EF5 /* mime.lua in Resources */ = {isa = PBXBuildFile; fileRef = 5CB5E11B258207AE00BF2EF5 /* mime.lua */; };
		5CB5E125258207AE00BF2EF5 /* defines.lua in Resources */ = {isa = PBXBuildFile; fileRef = 5CB5E11C258207AE00BF2EF5 /* defines.lua */; };
		5CB5E126258207AE00BF2EF5 /* ui in Resources */ = {isa = PBXBuildFile; fileRef = 5CB5E11D258207AE00BF2EF5 /* ui */; };
		5CB5E127258207AE00BF2EF5 /* scripts in Resources */ = {isa = PBXBuildFile; fileRef = 5CB5E11E258207AE00BF2EF5 /* scripts */; };
		5CB5E128258207AE00BF2EF5 /* debugger.lua in Resources */ = {isa = PBXBuildFile; fileRef = 5CB5E11F258207AE00BF2EF5 /* debugger.lua */; };
		5CB5E129258207AE00BF2EF5 /* ltn12.lua in Resources */ = {isa = PBXBuildFile; fileRef = 5CB5E120258207AE00BF2EF5 /* ltn12.lua */; };
		5CB5E12A258207AE00BF2EF5 /* debugintrospection.lua in Resources */ = {isa = PBXBuildFile; fileRef = 5CB5E121258207AE00BF2EF5 /* debugintrospection.lua */; };
/* End PBXBuildFile section */

/* Begin PBXFileReference section */
		4EF00C080B20745ED09BA101 /* Pods-iostest.debug.xcconfig */ = {isa = PBXFileReference; includeInIndex = 1; lastKnownFileType = text.xcconfig; name = "Pods-iostest.debug.xcconfig"; path = "Target Support Files/Pods-iostest/Pods-iostest.debug.xcconfig"; sourceTree = "<group>"; };
		5C29939425874D1500063EAD /* README.md */ = {isa = PBXFileReference; fileEncoding = 4; lastKnownFileType = net.daringfireball.markdown; path = README.md; sourceTree = "<group>"; };
		5CB5E0B72582058C00BF2EF5 /* iostest.app */ = {isa = PBXFileReference; explicitFileType = wrapper.application; includeInIndex = 0; path = iostest.app; sourceTree = BUILT_PRODUCTS_DIR; };
		5CB5E0BA2582058C00BF2EF5 /* AppDelegate.swift */ = {isa = PBXFileReference; lastKnownFileType = sourcecode.swift; path = AppDelegate.swift; sourceTree = "<group>"; };
		5CB5E0BC2582058C00BF2EF5 /* SceneDelegate.swift */ = {isa = PBXFileReference; lastKnownFileType = sourcecode.swift; path = SceneDelegate.swift; sourceTree = "<group>"; };
		5CB5E0C32582058E00BF2EF5 /* Assets.xcassets */ = {isa = PBXFileReference; lastKnownFileType = folder.assetcatalog; path = Assets.xcassets; sourceTree = "<group>"; };
		5CB5E0C62582058E00BF2EF5 /* Base */ = {isa = PBXFileReference; lastKnownFileType = file.storyboard; name = Base; path = Base.lproj/LaunchScreen.storyboard; sourceTree = "<group>"; };
		5CB5E0C82582058E00BF2EF5 /* Info.plist */ = {isa = PBXFileReference; lastKnownFileType = text.plist.xml; path = Info.plist; sourceTree = "<group>"; };
		5CB5E119258207AE00BF2EF5 /* socket */ = {isa = PBXFileReference; lastKnownFileType = folder; path = socket; sourceTree = "<group>"; };
		5CB5E11A258207AE00BF2EF5 /* socket.lua */ = {isa = PBXFileReference; fileEncoding = 4; lastKnownFileType = text; path = socket.lua; sourceTree = "<group>"; };
		5CB5E11B258207AE00BF2EF5 /* mime.lua */ = {isa = PBXFileReference; fileEncoding = 4; lastKnownFileType = text; path = mime.lua; sourceTree = "<group>"; };
		5CB5E11C258207AE00BF2EF5 /* defines.lua */ = {isa = PBXFileReference; fileEncoding = 4; lastKnownFileType = text; path = defines.lua; sourceTree = "<group>"; };
		5CB5E11D258207AE00BF2EF5 /* ui */ = {isa = PBXFileReference; lastKnownFileType = folder; path = ui; sourceTree = "<group>"; };
		5CB5E11E258207AE00BF2EF5 /* scripts */ = {isa = PBXFileReference; lastKnownFileType = folder; path = scripts; sourceTree = "<group>"; };
		5CB5E11F258207AE00BF2EF5 /* debugger.lua */ = {isa = PBXFileReference; fileEncoding = 4; lastKnownFileType = text; path = debugger.lua; sourceTree = "<group>"; };
		5CB5E120258207AE00BF2EF5 /* ltn12.lua */ = {isa = PBXFileReference; fileEncoding = 4; lastKnownFileType = text; path = ltn12.lua; sourceTree = "<group>"; };
		5CB5E121258207AE00BF2EF5 /* debugintrospection.lua */ = {isa = PBXFileReference; fileEncoding = 4; lastKnownFileType = text; path = debugintrospection.lua; sourceTree = "<group>"; };
		81D9899016AAA5D634775FAA /* Pods-iostest.release.xcconfig */ = {isa = PBXFileReference; includeInIndex = 1; lastKnownFileType = text.xcconfig; name = "Pods-iostest.release.xcconfig"; path = "Target Support Files/Pods-iostest/Pods-iostest.release.xcconfig"; sourceTree = "<group>"; };
		D0621BA27B725F9BD8CD4D99 /* Pods_iostest.framework */ = {isa = PBXFileReference; explicitFileType = wrapper.framework; includeInIndex = 0; path = Pods_iostest.framework; sourceTree = BUILT_PRODUCTS_DIR; };
/* End PBXFileReference section */

/* Begin PBXFrameworksBuildPhase section */
		5CB5E0B42582058C00BF2EF5 /* Frameworks */ = {
			isa = PBXFrameworksBuildPhase;
			buildActionMask = 2147483647;
			files = (
				3D559AAF2F4BA3294C99DBC6 /* Pods_iostest.framework in Frameworks */,
			);
			runOnlyForDeploymentPostprocessing = 0;
		};
/* End PBXFrameworksBuildPhase section */

/* Begin PBXGroup section */
		1DEEB66A3426C868841F1894 /* Pods */ = {
			isa = PBXGroup;
			children = (
				4EF00C080B20745ED09BA101 /* Pods-iostest.debug.xcconfig */,
				81D9899016AAA5D634775FAA /* Pods-iostest.release.xcconfig */,
			);
			path = Pods;
			sourceTree = "<group>";
		};
		5CB5E0AE2582058C00BF2EF5 = {
			isa = PBXGroup;
			children = (
				5C29939425874D1500063EAD /* README.md */,
				5CB5E0B92582058C00BF2EF5 /* iostest */,
				5CB5E0B82582058C00BF2EF5 /* Products */,
				1DEEB66A3426C868841F1894 /* Pods */,
				B5BEF2B2267FB02A1C2591BF /* Frameworks */,
			);
			sourceTree = "<group>";
		};
		5CB5E0B82582058C00BF2EF5 /* Products */ = {
			isa = PBXGroup;
			children = (
				5CB5E0B72582058C00BF2EF5 /* iostest.app */,
			);
			name = Products;
			sourceTree = "<group>";
		};
		5CB5E0B92582058C00BF2EF5 /* iostest */ = {
			isa = PBXGroup;
			children = (
				5CB5E1182582075C00BF2EF5 /* Resources */,
				5CB5E0BA2582058C00BF2EF5 /* AppDelegate.swift */,
				5CB5E0BC2582058C00BF2EF5 /* SceneDelegate.swift */,
				5CB5E0C32582058E00BF2EF5 /* Assets.xcassets */,
				5CB5E0C52582058E00BF2EF5 /* LaunchScreen.storyboard */,
				5CB5E0C82582058E00BF2EF5 /* Info.plist */,
			);
			path = iostest;
			sourceTree = "<group>";
		};
		5CB5E1182582075C00BF2EF5 /* Resources */ = {
			isa = PBXGroup;
			children = (
				5CB5E11F258207AE00BF2EF5 /* debugger.lua */,
				5CB5E121258207AE00BF2EF5 /* debugintrospection.lua */,
				5CB5E11C258207AE00BF2EF5 /* defines.lua */,
				5CB5E120258207AE00BF2EF5 /* ltn12.lua */,
				5CB5E11B258207AE00BF2EF5 /* mime.lua */,
				5CB5E11E258207AE00BF2EF5 /* scripts */,
				5CB5E119258207AE00BF2EF5 /* socket */,
				5CB5E11A258207AE00BF2EF5 /* socket.lua */,
				5CB5E11D258207AE00BF2EF5 /* ui */,
			);
			path = Resources;
			sourceTree = "<group>";
		};
		B5BEF2B2267FB02A1C2591BF /* Frameworks */ = {
			isa = PBXGroup;
			children = (
				D0621BA27B725F9BD8CD4D99 /* Pods_iostest.framework */,
			);
			name = Frameworks;
			sourceTree = "<group>";
		};
/* End PBXGroup section */

/* Begin PBXNativeTarget section */
		5CB5E0B62582058C00BF2EF5 /* iostest */ = {
			isa = PBXNativeTarget;
			buildConfigurationList = 5CB5E0CB2582058E00BF2EF5 /* Build configuration list for PBXNativeTarget "iostest" */;
			buildPhases = (
				E955333825698D249965C0E7 /* [CP] Check Pods Manifest.lock */,
				5CB5E0B32582058C00BF2EF5 /* Sources */,
				5CB5E0B42582058C00BF2EF5 /* Frameworks */,
				5CB5E0B52582058C00BF2EF5 /* Resources */,
				53B6281E41F02927333DF2EE /* [CP] Embed Pods Frameworks */,
			);
			buildRules = (
			);
			dependencies = (
			);
			name = iostest;
			productName = iostest;
			productReference = 5CB5E0B72582058C00BF2EF5 /* iostest.app */;
			productType = "com.apple.product-type.application";
		};
/* End PBXNativeTarget section */

/* Begin PBXProject section */
		5CB5E0AF2582058C00BF2EF5 /* Project object */ = {
			isa = PBXProject;
			attributes = {
				LastSwiftUpdateCheck = 1100;
				LastUpgradeCheck = 1100;
				TargetAttributes = {
					5CB5E0B62582058C00BF2EF5 = {
						CreatedOnToolsVersion = 11.0;
					};
				};
			};
			buildConfigurationList = 5CB5E0B22582058C00BF2EF5 /* Build configuration list for PBXProject "iostest" */;
			compatibilityVersion = "Xcode 9.3";
			developmentRegion = en;
			hasScannedForEncodings = 0;
			knownRegions = (
				en,
				Base,
			);
			mainGroup = 5CB5E0AE2582058C00BF2EF5;
			productRefGroup = 5CB5E0B82582058C00BF2EF5 /* Products */;
			projectDirPath = "";
			projectRoot = "";
			targets = (
				5CB5E0B62582058C00BF2EF5 /* iostest */,
			);
		};
/* End PBXProject section */

/* Begin PBXResourcesBuildPhase section */
		5CB5E0B52582058C00BF2EF5 /* Resources */ = {
			isa = PBXResourcesBuildPhase;
			buildActionMask = 2147483647;
			files = (
				5CB5E126258207AE00BF2EF5 /* ui in Resources */,
				5CB5E0C72582058E00BF2EF5 /* LaunchScreen.storyboard in Resources */,
				5CB5E123258207AE00BF2EF5 /* socket.lua in Resources */,
				5CB5E127258207AE00BF2EF5 /* scripts in Resources */,
				5CB5E125258207AE00BF2EF5 /* defines.lua in Resources */,
				5CB5E0C42582058E00BF2EF5 /* Assets.xcassets in Resources */,
				5C29939525874D1600063EAD /* README.md in Resources */,
				5CB5E128258207AE00BF2EF5 /* debugger.lua in Resources */,
				5CB5E124258207AE00BF2EF5 /* mime.lua in Resources */,
				5CB5E122258207AE00BF2EF5 /* socket in Resources */,
				5CB5E12A258207AE00BF2EF5 /* debugintrospection.lua in Resources */,
				5CB5E129258207AE00BF2EF5 /* ltn12.lua in Resources */,
			);
			runOnlyForDeploymentPostprocessing = 0;
		};
/* End PBXResourcesBuildPhase section */

/* Begin PBXShellScriptBuildPhase section */
		53B6281E41F02927333DF2EE /* [CP] Embed Pods Frameworks */ = {
			isa = PBXShellScriptBuildPhase;
			buildActionMask = 2147483647;
			files = (
			);
			inputFileListPaths = (
				"${PODS_ROOT}/Target Support Files/Pods-iostest/Pods-iostest-frameworks-${CONFIGURATION}-input-files.xcfilelist",
			);
			name = "[CP] Embed Pods Frameworks";
			outputFileListPaths = (
				"${PODS_ROOT}/Target Support Files/Pods-iostest/Pods-iostest-frameworks-${CONFIGURATION}-output-files.xcfilelist",
			);
			runOnlyForDeploymentPostprocessing = 0;
			shellPath = /bin/sh;
			shellScript = "\"${PODS_ROOT}/Target Support Files/Pods-iostest/Pods-iostest-frameworks.sh\"\n";
			showEnvVarsInLog = 0;
		};
		E955333825698D249965C0E7 /* [CP] Check Pods Manifest.lock */ = {
			isa = PBXShellScriptBuildPhase;
			buildActionMask = 2147483647;
			files = (
			);
			inputFileListPaths = (
			);
			inputPaths = (
				"${PODS_PODFILE_DIR_PATH}/Podfile.lock",
				"${PODS_ROOT}/Manifest.lock",
			);
			name = "[CP] Check Pods Manifest.lock";
			outputFileListPaths = (
			);
			outputPaths = (
				"$(DERIVED_FILE_DIR)/Pods-iostest-checkManifestLockResult.txt",
			);
			runOnlyForDeploymentPostprocessing = 0;
			shellPath = /bin/sh;
			shellScript = "diff \"${PODS_PODFILE_DIR_PATH}/Podfile.lock\" \"${PODS_ROOT}/Manifest.lock\" > /dev/null\nif [ $? != 0 ] ; then\n    # print error to STDERR\n    echo \"error: The sandbox is not in sync with the Podfile.lock. Run 'pod install' or update your CocoaPods installation.\" >&2\n    exit 1\nfi\n# This output is used by Xcode 'outputs' to avoid re-running this script phase.\necho \"SUCCESS\" > \"${SCRIPT_OUTPUT_FILE_0}\"\n";
			showEnvVarsInLog = 0;
		};
/* End PBXShellScriptBuildPhase section */

/* Begin PBXSourcesBuildPhase section */
		5CB5E0B32582058C00BF2EF5 /* Sources */ = {
			isa = PBXSourcesBuildPhase;
			buildActionMask = 2147483647;
			files = (
				5CB5E0BB2582058C00BF2EF5 /* AppDelegate.swift in Sources */,
				5CB5E0BD2582058C00BF2EF5 /* SceneDelegate.swift in Sources */,
			);
			runOnlyForDeploymentPostprocessing = 0;
		};
/* End PBXSourcesBuildPhase section */

/* Begin PBXVariantGroup section */
		5CB5E0C52582058E00BF2EF5 /* LaunchScreen.storyboard */ = {
			isa = PBXVariantGroup;
			children = (
				5CB5E0C62582058E00BF2EF5 /* Base */,
			);
			name = LaunchScreen.storyboard;
			sourceTree = "<group>";
		};
/* End PBXVariantGroup section */

/* Begin XCBuildConfiguration section */
		5CB5E0C92582058E00BF2EF5 /* Debug */ = {
			isa = XCBuildConfiguration;
			buildSettings = {
				ALWAYS_SEARCH_USER_PATHS = NO;
				CLANG_ANALYZER_NONNULL = YES;
				CLANG_ANALYZER_NUMBER_OBJECT_CONVERSION = YES_AGGRESSIVE;
				CLANG_CXX_LANGUAGE_STANDARD = "gnu++14";
				CLANG_CXX_LIBRARY = "libc++";
				CLANG_ENABLE_MODULES = YES;
				CLANG_ENABLE_OBJC_ARC = YES;
				CLANG_ENABLE_OBJC_WEAK = YES;
				CLANG_WARN_BLOCK_CAPTURE_AUTORELEASING = YES;
				CLANG_WARN_BOOL_CONVERSION = YES;
				CLANG_WARN_COMMA = YES;
				CLANG_WARN_CONSTANT_CONVERSION = YES;
				CLANG_WARN_DEPRECATED_OBJC_IMPLEMENTATIONS = YES;
				CLANG_WARN_DIRECT_OBJC_ISA_USAGE = YES_ERROR;
				CLANG_WARN_DOCUMENTATION_COMMENTS = YES;
				CLANG_WARN_EMPTY_BODY = YES;
				CLANG_WARN_ENUM_CONVERSION = YES;
				CLANG_WARN_INFINITE_RECURSION = YES;
				CLANG_WARN_INT_CONVERSION = YES;
				CLANG_WARN_NON_LITERAL_NULL_CONVERSION = YES;
				CLANG_WARN_OBJC_IMPLICIT_RETAIN_SELF = YES;
				CLANG_WARN_OBJC_LITERAL_CONVERSION = YES;
				CLANG_WARN_OBJC_ROOT_CLASS = YES_ERROR;
				CLANG_WARN_RANGE_LOOP_ANALYSIS = YES;
				CLANG_WARN_STRICT_PROTOTYPES = YES;
				CLANG_WARN_SUSPICIOUS_MOVE = YES;
				CLANG_WARN_UNGUARDED_AVAILABILITY = YES_AGGRESSIVE;
				CLANG_WARN_UNREACHABLE_CODE = YES;
				CLANG_WARN__DUPLICATE_METHOD_MATCH = YES;
				COPY_PHASE_STRIP = NO;
				DEBUG_INFORMATION_FORMAT = dwarf;
				ENABLE_STRICT_OBJC_MSGSEND = YES;
				ENABLE_TESTABILITY = YES;
				GCC_C_LANGUAGE_STANDARD = gnu11;
				GCC_DYNAMIC_NO_PIC = NO;
				GCC_NO_COMMON_BLOCKS = YES;
				GCC_OPTIMIZATION_LEVEL = 0;
				GCC_PREPROCESSOR_DEFINITIONS = (
					"DEBUG=1",
					"$(inherited)",
				);
				GCC_WARN_64_TO_32_BIT_CONVERSION = YES;
				GCC_WARN_ABOUT_RETURN_TYPE = YES_ERROR;
				GCC_WARN_UNDECLARED_SELECTOR = YES;
				GCC_WARN_UNINITIALIZED_AUTOS = YES_AGGRESSIVE;
				GCC_WARN_UNUSED_FUNCTION = YES;
				GCC_WARN_UNUSED_VARIABLE = YES;
				IPHONEOS_DEPLOYMENT_TARGET = 13.0;
				MTL_ENABLE_DEBUG_INFO = INCLUDE_SOURCE;
				MTL_FAST_MATH = YES;
				ONLY_ACTIVE_ARCH = YES;
				SDKROOT = iphoneos;
				SWIFT_ACTIVE_COMPILATION_CONDITIONS = DEBUG;
				SWIFT_OPTIMIZATION_LEVEL = "-Onone";
			};
			name = Debug;
		};
		5CB5E0CA2582058E00BF2EF5 /* Release */ = {
			isa = XCBuildConfiguration;
			buildSettings = {
				ALWAYS_SEARCH_USER_PATHS = NO;
				CLANG_ANALYZER_NONNULL = YES;
				CLANG_ANALYZER_NUMBER_OBJECT_CONVERSION = YES_AGGRESSIVE;
				CLANG_CXX_LANGUAGE_STANDARD = "gnu++14";
				CLANG_CXX_LIBRARY = "libc++";
				CLANG_ENABLE_MODULES = YES;
				CLANG_ENABLE_OBJC_ARC = YES;
				CLANG_ENABLE_OBJC_WEAK = YES;
				CLANG_WARN_BLOCK_CAPTURE_AUTORELEASING = YES;
				CLANG_WARN_BOOL_CONVERSION = YES;
				CLANG_WARN_COMMA = YES;
				CLANG_WARN_CONSTANT_CONVERSION = YES;
				CLANG_WARN_DEPRECATED_OBJC_IMPLEMENTATIONS = YES;
				CLANG_WARN_DIRECT_OBJC_ISA_USAGE = YES_ERROR;
				CLANG_WARN_DOCUMENTATION_COMMENTS = YES;
				CLANG_WARN_EMPTY_BODY = YES;
				CLANG_WARN_ENUM_CONVERSION = YES;
				CLANG_WARN_INFINITE_RECURSION = YES;
				CLANG_WARN_INT_CONVERSION = YES;
				CLANG_WARN_NON_LITERAL_NULL_CONVERSION = YES;
				CLANG_WARN_OBJC_IMPLICIT_RETAIN_SELF = YES;
				CLANG_WARN_OBJC_LITERAL_CONVERSION = YES;
				CLANG_WARN_OBJC_ROOT_CLASS = YES_ERROR;
				CLANG_WARN_RANGE_LOOP_ANALYSIS = YES;
				CLANG_WARN_STRICT_PROTOTYPES = YES;
				CLANG_WARN_SUSPICIOUS_MOVE = YES;
				CLANG_WARN_UNGUARDED_AVAILABILITY = YES_AGGRESSIVE;
				CLANG_WARN_UNREACHABLE_CODE = YES;
				CLANG_WARN__DUPLICATE_METHOD_MATCH = YES;
				COPY_PHASE_STRIP = NO;
				DEBUG_INFORMATION_FORMAT = "dwarf-with-dsym";
				ENABLE_NS_ASSERTIONS = NO;
				ENABLE_STRICT_OBJC_MSGSEND = YES;
				GCC_C_LANGUAGE_STANDARD = gnu11;
				GCC_NO_COMMON_BLOCKS = YES;
				GCC_WARN_64_TO_32_BIT_CONVERSION = YES;
				GCC_WARN_ABOUT_RETURN_TYPE = YES_ERROR;
				GCC_WARN_UNDECLARED_SELECTOR = YES;
				GCC_WARN_UNINITIALIZED_AUTOS = YES_AGGRESSIVE;
				GCC_WARN_UNUSED_FUNCTION = YES;
				GCC_WARN_UNUSED_VARIABLE = YES;
				IPHONEOS_DEPLOYMENT_TARGET = 13.0;
				MTL_ENABLE_DEBUG_INFO = NO;
				MTL_FAST_MATH = YES;
				SDKROOT = iphoneos;
				SWIFT_COMPILATION_MODE = wholemodule;
				SWIFT_OPTIMIZATION_LEVEL = "-O";
				VALIDATE_PRODUCT = YES;
			};
			name = Release;
		};
		5CB5E0CC2582058E00BF2EF5 /* Debug */ = {
			isa = XCBuildConfiguration;
			baseConfigurationReference = 4EF00C080B20745ED09BA101 /* Pods-iostest.debug.xcconfig */;
			buildSettings = {
				ASSETCATALOG_COMPILER_APPICON_NAME = AppIcon;
				CODE_SIGN_STYLE = Automatic;
				INFOPLIST_FILE = iostest/Info.plist;
				LD_RUNPATH_SEARCH_PATHS = (
					"$(inherited)",
					"@executable_path/Frameworks",
				);
				PRODUCT_BUNDLE_IDENTIFIER = dev.topping.iostest;
				PRODUCT_NAME = "$(TARGET_NAME)";
				SWIFT_VERSION = 5.0;
				TARGETED_DEVICE_FAMILY = "1,2";
			};
			name = Debug;
		};
		5CB5E0CD2582058E00BF2EF5 /* Release */ = {
			isa = XCBuildConfiguration;
			baseConfigurationReference = 81D9899016AAA5D634775FAA /* Pods-iostest.release.xcconfig */;
			buildSettings = {
				ASSETCATALOG_COMPILER_APPICON_NAME = AppIcon;
				CODE_SIGN_STYLE = Automatic;
				INFOPLIST_FILE = iostest/Info.plist;
				LD_RUNPATH_SEARCH_PATHS = (
					"$(inherited)",
					"@executable_path/Frameworks",
				);
				PRODUCT_BUNDLE_IDENTIFIER = dev.topping.iostest;
				PRODUCT_NAME = "$(TARGET_NAME)";
				SWIFT_VERSION = 5.0;
				TARGETED_DEVICE_FAMILY = "1,2";
			};
			name = Release;
		};
/* End XCBuildConfiguration section */

/* Begin XCConfigurationList section */
		5CB5E0B22582058C00BF2EF5 /* Build configuration list for PBXProject "iostest" */ = {
			isa = XCConfigurationList;
			buildConfigurations = (
				5CB5E0C92582058E00BF2EF5 /* Debug */,
				5CB5E0CA2582058E00BF2EF5 /* Release */,
			);
			defaultConfigurationIsVisible = 0;
			defaultConfigurationName = Release;
		};
		5CB5E0CB2582058E00BF2EF5 /* Build configuration list for PBXNativeTarget "iostest" */ = {
			isa = XCConfigurationList;
			buildConfigurations = (
				5CB5E0CC2582058E00BF2EF5 /* Debug */,
				5CB5E0CD2582058E00BF2EF5 /* Release */,
			);
			defaultConfigurationIsVisible = 0;
			defaultConfigurationName = Release;
		};
/* End XCConfigurationList section */
	};
	rootObject = 5CB5E0AF2582058C00BF2EF5 /* Project object */;
}
